
Microsoft Visual Studio Solution File, Format Version 12.00
Project("{2150E333-8FDC-42A3-9474-1A3956D46DE8}") = "modules", "modules", "{21A8CEAE-E924-42FE-B75C-F6798F387DE0}"
EndProject
Project("{2150E333-8FDC-42A3-9474-1A3956D46DE8}") = "services", "services", "{727F65E0-BFD9-4C91-8EF2-02F76905B85C}"
EndProject
Project("{2150E333-8FDC-42A3-9474-1A3956D46DE8}") = "api-gateway", "api-gateway", "{FE2D486A-3A29-4F89-95B0-215CDD6659A0}"
EndProject
Project("{FAE04EC0-301F-11D3-BF4B-00C04F79EFBC}") = "ApiGateway", "api-gateway\ApiGateway.csproj", "{93DE5DD9-DA18-4BF6-A78C-9B509ED7FE39}"
EndProject
Project("{2150E333-8FDC-42A3-9474-1A3956D46DE8}") = "product", "product", "{6AA258C6-F381-46A0-B12E-0CD7B18B9E01}"
EndProject
Project("{2150E333-8FDC-42A3-9474-1A3956D46DE8}") = "test", "test", "{EF615E1D-A4CE-402D-B0A5-E0CA7A051A39}"
EndProject
Project("{2150E333-8FDC-42A3-9474-1A3956D46DE8}") = "src", "src", "{6D7C6E36-903C-4713-AE2B-BA68A1E53E53}"
EndProject
Project("{FAE04EC0-301F-11D3-BF4B-00C04F79EFBC}") = "ProductManagement.Application", "modules\product\src\ProductManagement.Application\ProductManagement.Application.csproj", "{01B1CECB-F404-46D5-B9BA-1A7FD4960BFC}"
EndProject
Project("{FAE04EC0-301F-11D3-BF4B-00C04F79EFBC}") = "ProductManagement.Application.Contracts", "modules\product\src\ProductManagement.Application.Contracts\ProductManagement.Application.Contracts.csproj", "{0475F63A-3096-40AA-8363-1ACC5C618B1F}"
EndProject
Project("{FAE04EC0-301F-11D3-BF4B-00C04F79EFBC}") = "ProductManagement.Domain", "modules\product\src\ProductManagement.Domain\ProductManagement.Domain.csproj", "{9C999713-4F4A-46A0-8FCA-A982AF08ABD6}"
EndProject
Project("{FAE04EC0-301F-11D3-BF4B-00C04F79EFBC}") = "ProductManagement.Domain.Shared", "modules\product\src\ProductManagement.Domain.Shared\ProductManagement.Domain.Shared.csproj", "{74CD8DD0-226E-4B47-89D4-273D58BEE55D}"
EndProject
Project("{FAE04EC0-301F-11D3-BF4B-00C04F79EFBC}") = "ProductManagement.EntityFrameworkCore", "modules\product\src\ProductManagement.EntityFrameworkCore\ProductManagement.EntityFrameworkCore.csproj", "{FCDE556E-F9AA-4D20-AF3E-EEBC4264046A}"
EndProject
Project("{FAE04EC0-301F-11D3-BF4B-00C04F79EFBC}") = "ProductManagement.HttpApi", "modules\product\src\ProductManagement.HttpApi\ProductManagement.HttpApi.csproj", "{EA32F0C1-1229-4F52-B068-D3BF2F334A93}"
EndProject
Project("{FAE04EC0-301F-11D3-BF4B-00C04F79EFBC}") = "ProductManagement.HttpApi.Client", "modules\product\src\ProductManagement.HttpApi.Client\ProductManagement.HttpApi.Client.csproj", "{875347D8-636A-4B9F-BFFD-FE1BD57D6CAC}"
EndProject
Project("{FAE04EC0-301F-11D3-BF4B-00C04F79EFBC}") = "ProductManagement.MongoDB", "modules\product\src\ProductManagement.MongoDB\ProductManagement.MongoDB.csproj", "{39D3F6ED-52EE-4B82-85E3-C827AF387A86}"
EndProject
Project("{FAE04EC0-301F-11D3-BF4B-00C04F79EFBC}") = "ProductManagement.Application.Tests", "modules\product\test\ProductManagement.Application.Tests\ProductManagement.Application.Tests.csproj", "{7B91782A-A648-4E04-B455-2C71E0CE7586}"
EndProject
Project("{FAE04EC0-301F-11D3-BF4B-00C04F79EFBC}") = "ProductManagement.Domain.Tests", "modules\product\test\ProductManagement.Domain.Tests\ProductManagement.Domain.Tests.csproj", "{09C95A03-1499-4FEE-A878-E7AAABF2C5B7}"
EndProject
Project("{FAE04EC0-301F-11D3-BF4B-00C04F79EFBC}") = "ProductManagement.EntityFrameworkCore.Tests", "modules\product\test\ProductManagement.EntityFrameworkCore.Tests\ProductManagement.EntityFrameworkCore.Tests.csproj", "{2DDDD9BF-379C-4856-916E-E0D13D2CC046}"
EndProject
Project("{FAE04EC0-301F-11D3-BF4B-00C04F79EFBC}") = "ProductManagement.HttpApi.Client.ConsoleTestApp", "modules\product\test\ProductManagement.HttpApi.Client.ConsoleTestApp\ProductManagement.HttpApi.Client.ConsoleTestApp.csproj", "{81CF2E96-8A04-4406-984D-FA1AA46EEA08}"
EndProject
Project("{FAE04EC0-301F-11D3-BF4B-00C04F79EFBC}") = "ProductManagement.MongoDB.Tests", "modules\product\test\ProductManagement.MongoDB.Tests\ProductManagement.MongoDB.Tests.csproj", "{DA380006-2B4A-4FCE-9049-665F03964E7D}"
EndProject
Project("{FAE04EC0-301F-11D3-BF4B-00C04F79EFBC}") = "ProductManagement.TestBase", "modules\product\test\ProductManagement.TestBase\ProductManagement.TestBase.csproj", "{3C2779D0-85B5-4A37-9B63-BB5439BF80AD}"
EndProject
Project("{2150E333-8FDC-42A3-9474-1A3956D46DE8}") = "order", "order", "{81C10F8D-C6AC-4E97-B7CF-9D51458B91D0}"
EndProject
Project("{2150E333-8FDC-42A3-9474-1A3956D46DE8}") = "src", "src", "{C871CE52-71C7-4435-B7D7-728C78CD87E1}"
EndProject
Project("{2150E333-8FDC-42A3-9474-1A3956D46DE8}") = "test", "test", "{BFFFA29B-0249-4FD1-A325-63DE85F74D17}"
EndProject
Project("{FAE04EC0-301F-11D3-BF4B-00C04F79EFBC}") = "OrderManagement.Application", "modules\order\src\OrderManagement.Application\OrderManagement.Application.csproj", "{D43EB6DF-76B4-418E-80B4-4C691D3ABBE8}"
EndProject
Project("{FAE04EC0-301F-11D3-BF4B-00C04F79EFBC}") = "OrderManagement.Application.Contracts", "modules\order\src\OrderManagement.Application.Contracts\OrderManagement.Application.Contracts.csproj", "{24437D1C-18CF-40BA-AE22-C0EDDAF0E231}"
EndProject
Project("{FAE04EC0-301F-11D3-BF4B-00C04F79EFBC}") = "OrderManagement.Domain", "modules\order\src\OrderManagement.Domain\OrderManagement.Domain.csproj", "{3280061A-218E-4F5C-AD6F-5AAF2E7C6CB1}"
EndProject
Project("{FAE04EC0-301F-11D3-BF4B-00C04F79EFBC}") = "OrderManagement.Domain.Shared", "modules\order\src\OrderManagement.Domain.Shared\OrderManagement.Domain.Shared.csproj", "{119E846A-0B00-4CC0-BA96-03F1CF4F176A}"
EndProject
Project("{FAE04EC0-301F-11D3-BF4B-00C04F79EFBC}") = "OrderManagement.EntityFrameworkCore", "modules\order\src\OrderManagement.EntityFrameworkCore\OrderManagement.EntityFrameworkCore.csproj", "{BB5630AA-9026-449F-A33A-836FD1220A93}"
EndProject
Project("{FAE04EC0-301F-11D3-BF4B-00C04F79EFBC}") = "OrderManagement.HttpApi", "modules\order\src\OrderManagement.HttpApi\OrderManagement.HttpApi.csproj", "{8E21A7B2-CFA4-4D7B-A084-0197E6E0EAF5}"
EndProject
Project("{FAE04EC0-301F-11D3-BF4B-00C04F79EFBC}") = "OrderManagement.HttpApi.Client", "modules\order\src\OrderManagement.HttpApi.Client\OrderManagement.HttpApi.Client.csproj", "{9F9AEA17-D20B-46D8-9798-CF2A5F0FDFB7}"
EndProject
Project("{FAE04EC0-301F-11D3-BF4B-00C04F79EFBC}") = "OrderManagement.MongoDB", "modules\order\src\OrderManagement.MongoDB\OrderManagement.MongoDB.csproj", "{B5F9C3B2-7541-41FA-9AD8-E81CB74D50E0}"
EndProject
Project("{FAE04EC0-301F-11D3-BF4B-00C04F79EFBC}") = "OrderManagement.Application.Tests", "modules\order\test\OrderManagement.Application.Tests\OrderManagement.Application.Tests.csproj", "{17368E5B-751B-405C-B098-159970454633}"
EndProject
Project("{FAE04EC0-301F-11D3-BF4B-00C04F79EFBC}") = "OrderManagement.Domain.Tests", "modules\order\test\OrderManagement.Domain.Tests\OrderManagement.Domain.Tests.csproj", "{603585EC-C358-4D42-B537-F92C9DDAD421}"
EndProject
Project("{FAE04EC0-301F-11D3-BF4B-00C04F79EFBC}") = "OrderManagement.EntityFrameworkCore.Tests", "modules\order\test\OrderManagement.EntityFrameworkCore.Tests\OrderManagement.EntityFrameworkCore.Tests.csproj", "{7B4BB9AA-315A-4CCF-A86F-5D087C5011EA}"
EndProject
Project("{FAE04EC0-301F-11D3-BF4B-00C04F79EFBC}") = "OrderManagement.HttpApi.Client.ConsoleTestApp", "modules\order\test\OrderManagement.HttpApi.Client.ConsoleTestApp\OrderManagement.HttpApi.Client.ConsoleTestApp.csproj", "{A2F114B8-DD22-44D8-A20B-B5B62D7E2194}"
EndProject
Project("{FAE04EC0-301F-11D3-BF4B-00C04F79EFBC}") = "OrderManagement.MongoDB.Tests", "modules\order\test\OrderManagement.MongoDB.Tests\OrderManagement.MongoDB.Tests.csproj", "{EE3BD012-9785-4F6E-AECE-B4B5CB68330D}"
EndProject
Project("{FAE04EC0-301F-11D3-BF4B-00C04F79EFBC}") = "OrderManagement.TestBase", "modules\order\test\OrderManagement.TestBase\OrderManagement.TestBase.csproj", "{75D3359A-D2EF-4C76-92A7-905FEBF1268F}"
EndProject
Project("{FAE04EC0-301F-11D3-BF4B-00C04F79EFBC}") = "OrderService.Host", "services\OrderService.Host\OrderService.Host.csproj", "{CEBF9C91-6647-4A27-8FEF-5A7DFD7FFA5D}"
EndProject
Project("{FAE04EC0-301F-11D3-BF4B-00C04F79EFBC}") = "ProductService.Host", "services\ProductService.Host\ProductService.Host.csproj", "{00A61AF0-CB14-4833-9360-A848AB7AAC6B}"
EndProject
Project("{2150E333-8FDC-42A3-9474-1A3956D46DE8}") = "Volo.Abp.ServiceDiscovery.Consul", "Volo.Abp.ServiceDiscovery.Consul", "{702CE106-2891-4A6B-A276-6A401EADD99E}"
EndProject
Project("{FAE04EC0-301F-11D3-BF4B-00C04F79EFBC}") = "Volo.Abp.ServiceDiscovery.Consul", "..\Volo.Abp.ServiceDiscovery\Volo.Abp.ServiceDiscovery.Consul\Volo.Abp.ServiceDiscovery.Consul.csproj", "{12E01E36-FEA4-49E0-85DC-5A1B86702C8E}"
EndProject
Global
	GlobalSection(SolutionConfigurationPlatforms) = preSolution
		Debug|Any CPU = Debug|Any CPU
		Release|Any CPU = Release|Any CPU
	EndGlobalSection
	GlobalSection(NestedProjects) = preSolution
		{93DE5DD9-DA18-4BF6-A78C-9B509ED7FE39} = {FE2D486A-3A29-4F89-95B0-215CDD6659A0}
		{6AA258C6-F381-46A0-B12E-0CD7B18B9E01} = {21A8CEAE-E924-42FE-B75C-F6798F387DE0}
		{EF615E1D-A4CE-402D-B0A5-E0CA7A051A39} = {6AA258C6-F381-46A0-B12E-0CD7B18B9E01}
		{6D7C6E36-903C-4713-AE2B-BA68A1E53E53} = {6AA258C6-F381-46A0-B12E-0CD7B18B9E01}
		{01B1CECB-F404-46D5-B9BA-1A7FD4960BFC} = {6D7C6E36-903C-4713-AE2B-BA68A1E53E53}
		{0475F63A-3096-40AA-8363-1ACC5C618B1F} = {6D7C6E36-903C-4713-AE2B-BA68A1E53E53}
		{9C999713-4F4A-46A0-8FCA-A982AF08ABD6} = {6D7C6E36-903C-4713-AE2B-BA68A1E53E53}
		{74CD8DD0-226E-4B47-89D4-273D58BEE55D} = {6D7C6E36-903C-4713-AE2B-BA68A1E53E53}
		{FCDE556E-F9AA-4D20-AF3E-EEBC4264046A} = {6D7C6E36-903C-4713-AE2B-BA68A1E53E53}
		{EA32F0C1-1229-4F52-B068-D3BF2F334A93} = {6D7C6E36-903C-4713-AE2B-BA68A1E53E53}
		{875347D8-636A-4B9F-BFFD-FE1BD57D6CAC} = {6D7C6E36-903C-4713-AE2B-BA68A1E53E53}
		{39D3F6ED-52EE-4B82-85E3-C827AF387A86} = {6D7C6E36-903C-4713-AE2B-BA68A1E53E53}
		{7B91782A-A648-4E04-B455-2C71E0CE7586} = {EF615E1D-A4CE-402D-B0A5-E0CA7A051A39}
		{09C95A03-1499-4FEE-A878-E7AAABF2C5B7} = {EF615E1D-A4CE-402D-B0A5-E0CA7A051A39}
		{2DDDD9BF-379C-4856-916E-E0D13D2CC046} = {EF615E1D-A4CE-402D-B0A5-E0CA7A051A39}
		{81CF2E96-8A04-4406-984D-FA1AA46EEA08} = {EF615E1D-A4CE-402D-B0A5-E0CA7A051A39}
		{DA380006-2B4A-4FCE-9049-665F03964E7D} = {EF615E1D-A4CE-402D-B0A5-E0CA7A051A39}
		{3C2779D0-85B5-4A37-9B63-BB5439BF80AD} = {EF615E1D-A4CE-402D-B0A5-E0CA7A051A39}
		{81C10F8D-C6AC-4E97-B7CF-9D51458B91D0} = {21A8CEAE-E924-42FE-B75C-F6798F387DE0}
		{C871CE52-71C7-4435-B7D7-728C78CD87E1} = {81C10F8D-C6AC-4E97-B7CF-9D51458B91D0}
		{BFFFA29B-0249-4FD1-A325-63DE85F74D17} = {81C10F8D-C6AC-4E97-B7CF-9D51458B91D0}
		{D43EB6DF-76B4-418E-80B4-4C691D3ABBE8} = {C871CE52-71C7-4435-B7D7-728C78CD87E1}
		{24437D1C-18CF-40BA-AE22-C0EDDAF0E231} = {C871CE52-71C7-4435-B7D7-728C78CD87E1}
		{3280061A-218E-4F5C-AD6F-5AAF2E7C6CB1} = {C871CE52-71C7-4435-B7D7-728C78CD87E1}
		{119E846A-0B00-4CC0-BA96-03F1CF4F176A} = {C871CE52-71C7-4435-B7D7-728C78CD87E1}
		{BB5630AA-9026-449F-A33A-836FD1220A93} = {C871CE52-71C7-4435-B7D7-728C78CD87E1}
		{8E21A7B2-CFA4-4D7B-A084-0197E6E0EAF5} = {C871CE52-71C7-4435-B7D7-728C78CD87E1}
		{9F9AEA17-D20B-46D8-9798-CF2A5F0FDFB7} = {C871CE52-71C7-4435-B7D7-728C78CD87E1}
		{B5F9C3B2-7541-41FA-9AD8-E81CB74D50E0} = {C871CE52-71C7-4435-B7D7-728C78CD87E1}
		{17368E5B-751B-405C-B098-159970454633} = {BFFFA29B-0249-4FD1-A325-63DE85F74D17}
		{603585EC-C358-4D42-B537-F92C9DDAD421} = {BFFFA29B-0249-4FD1-A325-63DE85F74D17}
		{7B4BB9AA-315A-4CCF-A86F-5D087C5011EA} = {BFFFA29B-0249-4FD1-A325-63DE85F74D17}
		{A2F114B8-DD22-44D8-A20B-B5B62D7E2194} = {BFFFA29B-0249-4FD1-A325-63DE85F74D17}
		{EE3BD012-9785-4F6E-AECE-B4B5CB68330D} = {BFFFA29B-0249-4FD1-A325-63DE85F74D17}
		{75D3359A-D2EF-4C76-92A7-905FEBF1268F} = {BFFFA29B-0249-4FD1-A325-63DE85F74D17}
		{CEBF9C91-6647-4A27-8FEF-5A7DFD7FFA5D} = {727F65E0-BFD9-4C91-8EF2-02F76905B85C}
		{00A61AF0-CB14-4833-9360-A848AB7AAC6B} = {727F65E0-BFD9-4C91-8EF2-02F76905B85C}
		{12E01E36-FEA4-49E0-85DC-5A1B86702C8E} = {702CE106-2891-4A6B-A276-6A401EADD99E}
	EndGlobalSection
	GlobalSection(ProjectConfigurationPlatforms) = postSolution
		{93DE5DD9-DA18-4BF6-A78C-9B509ED7FE39}.Debug|Any CPU.ActiveCfg = Debug|Any CPU
		{93DE5DD9-DA18-4BF6-A78C-9B509ED7FE39}.Debug|Any CPU.Build.0 = Debug|Any CPU
		{93DE5DD9-DA18-4BF6-A78C-9B509ED7FE39}.Release|Any CPU.ActiveCfg = Release|Any CPU
		{93DE5DD9-DA18-4BF6-A78C-9B509ED7FE39}.Release|Any CPU.Build.0 = Release|Any CPU
		{01B1CECB-F404-46D5-B9BA-1A7FD4960BFC}.Debug|Any CPU.ActiveCfg = Debug|Any CPU
		{01B1CECB-F404-46D5-B9BA-1A7FD4960BFC}.Debug|Any CPU.Build.0 = Debug|Any CPU
		{01B1CECB-F404-46D5-B9BA-1A7FD4960BFC}.Release|Any CPU.ActiveCfg = Release|Any CPU
		{01B1CECB-F404-46D5-B9BA-1A7FD4960BFC}.Release|Any CPU.Build.0 = Release|Any CPU
		{0475F63A-3096-40AA-8363-1ACC5C618B1F}.Debug|Any CPU.ActiveCfg = Debug|Any CPU
		{0475F63A-3096-40AA-8363-1ACC5C618B1F}.Debug|Any CPU.Build.0 = Debug|Any CPU
		{0475F63A-3096-40AA-8363-1ACC5C618B1F}.Release|Any CPU.ActiveCfg = Release|Any CPU
		{0475F63A-3096-40AA-8363-1ACC5C618B1F}.Release|Any CPU.Build.0 = Release|Any CPU
		{9C999713-4F4A-46A0-8FCA-A982AF08ABD6}.Debug|Any CPU.ActiveCfg = Debug|Any CPU
		{9C999713-4F4A-46A0-8FCA-A982AF08ABD6}.Debug|Any CPU.Build.0 = Debug|Any CPU
		{9C999713-4F4A-46A0-8FCA-A982AF08ABD6}.Release|Any CPU.ActiveCfg = Release|Any CPU
		{9C999713-4F4A-46A0-8FCA-A982AF08ABD6}.Release|Any CPU.Build.0 = Release|Any CPU
		{74CD8DD0-226E-4B47-89D4-273D58BEE55D}.Debug|Any CPU.ActiveCfg = Debug|Any CPU
		{74CD8DD0-226E-4B47-89D4-273D58BEE55D}.Debug|Any CPU.Build.0 = Debug|Any CPU
		{74CD8DD0-226E-4B47-89D4-273D58BEE55D}.Release|Any CPU.ActiveCfg = Release|Any CPU
		{74CD8DD0-226E-4B47-89D4-273D58BEE55D}.Release|Any CPU.Build.0 = Release|Any CPU
		{FCDE556E-F9AA-4D20-AF3E-EEBC4264046A}.Debug|Any CPU.ActiveCfg = Debug|Any CPU
		{FCDE556E-F9AA-4D20-AF3E-EEBC4264046A}.Debug|Any CPU.Build.0 = Debug|Any CPU
		{FCDE556E-F9AA-4D20-AF3E-EEBC4264046A}.Release|Any CPU.ActiveCfg = Release|Any CPU
		{FCDE556E-F9AA-4D20-AF3E-EEBC4264046A}.Release|Any CPU.Build.0 = Release|Any CPU
		{EA32F0C1-1229-4F52-B068-D3BF2F334A93}.Debug|Any CPU.ActiveCfg = Debug|Any CPU
		{EA32F0C1-1229-4F52-B068-D3BF2F334A93}.Debug|Any CPU.Build.0 = Debug|Any CPU
		{EA32F0C1-1229-4F52-B068-D3BF2F334A93}.Release|Any CPU.ActiveCfg = Release|Any CPU
		{EA32F0C1-1229-4F52-B068-D3BF2F334A93}.Release|Any CPU.Build.0 = Release|Any CPU
		{875347D8-636A-4B9F-BFFD-FE1BD57D6CAC}.Debug|Any CPU.ActiveCfg = Debug|Any CPU
		{875347D8-636A-4B9F-BFFD-FE1BD57D6CAC}.Debug|Any CPU.Build.0 = Debug|Any CPU
		{875347D8-636A-4B9F-BFFD-FE1BD57D6CAC}.Release|Any CPU.ActiveCfg = Release|Any CPU
		{875347D8-636A-4B9F-BFFD-FE1BD57D6CAC}.Release|Any CPU.Build.0 = Release|Any CPU
		{39D3F6ED-52EE-4B82-85E3-C827AF387A86}.Debug|Any CPU.ActiveCfg = Debug|Any CPU
		{39D3F6ED-52EE-4B82-85E3-C827AF387A86}.Debug|Any CPU.Build.0 = Debug|Any CPU
		{39D3F6ED-52EE-4B82-85E3-C827AF387A86}.Release|Any CPU.ActiveCfg = Release|Any CPU
		{39D3F6ED-52EE-4B82-85E3-C827AF387A86}.Release|Any CPU.Build.0 = Release|Any CPU
		{7B91782A-A648-4E04-B455-2C71E0CE7586}.Debug|Any CPU.ActiveCfg = Debug|Any CPU
		{7B91782A-A648-4E04-B455-2C71E0CE7586}.Debug|Any CPU.Build.0 = Debug|Any CPU
		{7B91782A-A648-4E04-B455-2C71E0CE7586}.Release|Any CPU.ActiveCfg = Release|Any CPU
		{7B91782A-A648-4E04-B455-2C71E0CE7586}.Release|Any CPU.Build.0 = Release|Any CPU
		{09C95A03-1499-4FEE-A878-E7AAABF2C5B7}.Debug|Any CPU.ActiveCfg = Debug|Any CPU
		{09C95A03-1499-4FEE-A878-E7AAABF2C5B7}.Debug|Any CPU.Build.0 = Debug|Any CPU
		{09C95A03-1499-4FEE-A878-E7AAABF2C5B7}.Release|Any CPU.ActiveCfg = Release|Any CPU
		{09C95A03-1499-4FEE-A878-E7AAABF2C5B7}.Release|Any CPU.Build.0 = Release|Any CPU
		{2DDDD9BF-379C-4856-916E-E0D13D2CC046}.Debug|Any CPU.ActiveCfg = Debug|Any CPU
		{2DDDD9BF-379C-4856-916E-E0D13D2CC046}.Debug|Any CPU.Build.0 = Debug|Any CPU
		{2DDDD9BF-379C-4856-916E-E0D13D2CC046}.Release|Any CPU.ActiveCfg = Release|Any CPU
		{2DDDD9BF-379C-4856-916E-E0D13D2CC046}.Release|Any CPU.Build.0 = Release|Any CPU
		{81CF2E96-8A04-4406-984D-FA1AA46EEA08}.Debug|Any CPU.ActiveCfg = Debug|Any CPU
		{81CF2E96-8A04-4406-984D-FA1AA46EEA08}.Debug|Any CPU.Build.0 = Debug|Any CPU
		{81CF2E96-8A04-4406-984D-FA1AA46EEA08}.Release|Any CPU.ActiveCfg = Release|Any CPU
		{81CF2E96-8A04-4406-984D-FA1AA46EEA08}.Release|Any CPU.Build.0 = Release|Any CPU
		{DA380006-2B4A-4FCE-9049-665F03964E7D}.Debug|Any CPU.ActiveCfg = Debug|Any CPU
		{DA380006-2B4A-4FCE-9049-665F03964E7D}.Debug|Any CPU.Build.0 = Debug|Any CPU
		{DA380006-2B4A-4FCE-9049-665F03964E7D}.Release|Any CPU.ActiveCfg = Release|Any CPU
		{DA380006-2B4A-4FCE-9049-665F03964E7D}.Release|Any CPU.Build.0 = Release|Any CPU
		{3C2779D0-85B5-4A37-9B63-BB5439BF80AD}.Debug|Any CPU.ActiveCfg = Debug|Any CPU
		{3C2779D0-85B5-4A37-9B63-BB5439BF80AD}.Debug|Any CPU.Build.0 = Debug|Any CPU
		{3C2779D0-85B5-4A37-9B63-BB5439BF80AD}.Release|Any CPU.ActiveCfg = Release|Any CPU
		{3C2779D0-85B5-4A37-9B63-BB5439BF80AD}.Release|Any CPU.Build.0 = Release|Any CPU
		{D43EB6DF-76B4-418E-80B4-4C691D3ABBE8}.Debug|Any CPU.ActiveCfg = Debug|Any CPU
		{D43EB6DF-76B4-418E-80B4-4C691D3ABBE8}.Debug|Any CPU.Build.0 = Debug|Any CPU
		{D43EB6DF-76B4-418E-80B4-4C691D3ABBE8}.Release|Any CPU.ActiveCfg = Release|Any CPU
		{D43EB6DF-76B4-418E-80B4-4C691D3ABBE8}.Release|Any CPU.Build.0 = Release|Any CPU
		{24437D1C-18CF-40BA-AE22-C0EDDAF0E231}.Debug|Any CPU.ActiveCfg = Debug|Any CPU
		{24437D1C-18CF-40BA-AE22-C0EDDAF0E231}.Debug|Any CPU.Build.0 = Debug|Any CPU
		{24437D1C-18CF-40BA-AE22-C0EDDAF0E231}.Release|Any CPU.ActiveCfg = Release|Any CPU
		{24437D1C-18CF-40BA-AE22-C0EDDAF0E231}.Release|Any CPU.Build.0 = Release|Any CPU
		{3280061A-218E-4F5C-AD6F-5AAF2E7C6CB1}.Debug|Any CPU.ActiveCfg = Debug|Any CPU
		{3280061A-218E-4F5C-AD6F-5AAF2E7C6CB1}.Debug|Any CPU.Build.0 = Debug|Any CPU
		{3280061A-218E-4F5C-AD6F-5AAF2E7C6CB1}.Release|Any CPU.ActiveCfg = Release|Any CPU
		{3280061A-218E-4F5C-AD6F-5AAF2E7C6CB1}.Release|Any CPU.Build.0 = Release|Any CPU
		{119E846A-0B00-4CC0-BA96-03F1CF4F176A}.Debug|Any CPU.ActiveCfg = Debug|Any CPU
		{119E846A-0B00-4CC0-BA96-03F1CF4F176A}.Debug|Any CPU.Build.0 = Debug|Any CPU
		{119E846A-0B00-4CC0-BA96-03F1CF4F176A}.Release|Any CPU.ActiveCfg = Release|Any CPU
		{119E846A-0B00-4CC0-BA96-03F1CF4F176A}.Release|Any CPU.Build.0 = Release|Any CPU
		{BB5630AA-9026-449F-A33A-836FD1220A93}.Debug|Any CPU.ActiveCfg = Debug|Any CPU
		{BB5630AA-9026-449F-A33A-836FD1220A93}.Debug|Any CPU.Build.0 = Debug|Any CPU
		{BB5630AA-9026-449F-A33A-836FD1220A93}.Release|Any CPU.ActiveCfg = Release|Any CPU
		{BB5630AA-9026-449F-A33A-836FD1220A93}.Release|Any CPU.Build.0 = Release|Any CPU
		{8E21A7B2-CFA4-4D7B-A084-0197E6E0EAF5}.Debug|Any CPU.ActiveCfg = Debug|Any CPU
		{8E21A7B2-CFA4-4D7B-A084-0197E6E0EAF5}.Debug|Any CPU.Build.0 = Debug|Any CPU
		{8E21A7B2-CFA4-4D7B-A084-0197E6E0EAF5}.Release|Any CPU.ActiveCfg = Release|Any CPU
		{8E21A7B2-CFA4-4D7B-A084-0197E6E0EAF5}.Release|Any CPU.Build.0 = Release|Any CPU
		{9F9AEA17-D20B-46D8-9798-CF2A5F0FDFB7}.Debug|Any CPU.ActiveCfg = Debug|Any CPU
		{9F9AEA17-D20B-46D8-9798-CF2A5F0FDFB7}.Debug|Any CPU.Build.0 = Debug|Any CPU
		{9F9AEA17-D20B-46D8-9798-CF2A5F0FDFB7}.Release|Any CPU.ActiveCfg = Release|Any CPU
		{9F9AEA17-D20B-46D8-9798-CF2A5F0FDFB7}.Release|Any CPU.Build.0 = Release|Any CPU
		{B5F9C3B2-7541-41FA-9AD8-E81CB74D50E0}.Debug|Any CPU.ActiveCfg = Debug|Any CPU
		{B5F9C3B2-7541-41FA-9AD8-E81CB74D50E0}.Debug|Any CPU.Build.0 = Debug|Any CPU
		{B5F9C3B2-7541-41FA-9AD8-E81CB74D50E0}.Release|Any CPU.ActiveCfg = Release|Any CPU
		{B5F9C3B2-7541-41FA-9AD8-E81CB74D50E0}.Release|Any CPU.Build.0 = Release|Any CPU
		{17368E5B-751B-405C-B098-159970454633}.Debug|Any CPU.ActiveCfg = Debug|Any CPU
		{17368E5B-751B-405C-B098-159970454633}.Debug|Any CPU.Build.0 = Debug|Any CPU
		{17368E5B-751B-405C-B098-159970454633}.Release|Any CPU.ActiveCfg = Release|Any CPU
		{17368E5B-751B-405C-B098-159970454633}.Release|Any CPU.Build.0 = Release|Any CPU
		{603585EC-C358-4D42-B537-F92C9DDAD421}.Debug|Any CPU.ActiveCfg = Debug|Any CPU
		{603585EC-C358-4D42-B537-F92C9DDAD421}.Debug|Any CPU.Build.0 = Debug|Any CPU
		{603585EC-C358-4D42-B537-F92C9DDAD421}.Release|Any CPU.ActiveCfg = Release|Any CPU
		{603585EC-C358-4D42-B537-F92C9DDAD421}.Release|Any CPU.Build.0 = Release|Any CPU
		{7B4BB9AA-315A-4CCF-A86F-5D087C5011EA}.Debug|Any CPU.ActiveCfg = Debug|Any CPU
		{7B4BB9AA-315A-4CCF-A86F-5D087C5011EA}.Debug|Any CPU.Build.0 = Debug|Any CPU
		{7B4BB9AA-315A-4CCF-A86F-5D087C5011EA}.Release|Any CPU.ActiveCfg = Release|Any CPU
		{7B4BB9AA-315A-4CCF-A86F-5D087C5011EA}.Release|Any CPU.Build.0 = Release|Any CPU
		{A2F114B8-DD22-44D8-A20B-B5B62D7E2194}.Debug|Any CPU.ActiveCfg = Debug|Any CPU
		{A2F114B8-DD22-44D8-A20B-B5B62D7E2194}.Debug|Any CPU.Build.0 = Debug|Any CPU
		{A2F114B8-DD22-44D8-A20B-B5B62D7E2194}.Release|Any CPU.ActiveCfg = Release|Any CPU
		{A2F114B8-DD22-44D8-A20B-B5B62D7E2194}.Release|Any CPU.Build.0 = Release|Any CPU
		{EE3BD012-9785-4F6E-AECE-B4B5CB68330D}.Debug|Any CPU.ActiveCfg = Debug|Any CPU
		{EE3BD012-9785-4F6E-AECE-B4B5CB68330D}.Debug|Any CPU.Build.0 = Debug|Any CPU
		{EE3BD012-9785-4F6E-AECE-B4B5CB68330D}.Release|Any CPU.ActiveCfg = Release|Any CPU
		{EE3BD012-9785-4F6E-AECE-B4B5CB68330D}.Release|Any CPU.Build.0 = Release|Any CPU
		{75D3359A-D2EF-4C76-92A7-905FEBF1268F}.Debug|Any CPU.ActiveCfg = Debug|Any CPU
		{75D3359A-D2EF-4C76-92A7-905FEBF1268F}.Debug|Any CPU.Build.0 = Debug|Any CPU
		{75D3359A-D2EF-4C76-92A7-905FEBF1268F}.Release|Any CPU.ActiveCfg = Release|Any CPU
		{75D3359A-D2EF-4C76-92A7-905FEBF1268F}.Release|Any CPU.Build.0 = Release|Any CPU
		{CEBF9C91-6647-4A27-8FEF-5A7DFD7FFA5D}.Debug|Any CPU.ActiveCfg = Debug|Any CPU
		{CEBF9C91-6647-4A27-8FEF-5A7DFD7FFA5D}.Debug|Any CPU.Build.0 = Debug|Any CPU
		{CEBF9C91-6647-4A27-8FEF-5A7DFD7FFA5D}.Release|Any CPU.ActiveCfg = Release|Any CPU
		{CEBF9C91-6647-4A27-8FEF-5A7DFD7FFA5D}.Release|Any CPU.Build.0 = Release|Any CPU
		{00A61AF0-CB14-4833-9360-A848AB7AAC6B}.Debug|Any CPU.ActiveCfg = Debug|Any CPU
		{00A61AF0-CB14-4833-9360-A848AB7AAC6B}.Debug|Any CPU.Build.0 = Debug|Any CPU
		{00A61AF0-CB14-4833-9360-A848AB7AAC6B}.Release|Any CPU.ActiveCfg = Release|Any CPU
		{00A61AF0-CB14-4833-9360-A848AB7AAC6B}.Release|Any CPU.Build.0 = Release|Any CPU
		{12E01E36-FEA4-49E0-85DC-5A1B86702C8E}.Debug|Any CPU.ActiveCfg = Debug|Any CPU
		{12E01E36-FEA4-49E0-85DC-5A1B86702C8E}.Debug|Any CPU.Build.0 = Debug|Any CPU
		{12E01E36-FEA4-49E0-85DC-5A1B86702C8E}.Release|Any CPU.ActiveCfg = Release|Any CPU
		{12E01E36-FEA4-49E0-85DC-5A1B86702C8E}.Release|Any CPU.Build.0 = Release|Any CPU
	EndGlobalSection
EndGlobal
